
Microsoft Visual Studio Solution File, Format Version 12.00
# Visual Studio Version 17
VisualStudioVersion = 17.6.33723.286
MinimumVisualStudioVersion = 10.0.40219.1
Project("{FAE04EC0-301F-11D3-BF4B-00C04F79EFBC}") = "ServerSideProject", "ServerSideProject\ServerSideProject.csproj", "{A64EE80B-5903-4C75-B208-4833657D32C6}"
EndProject
Global
	GlobalSection(SolutionConfigurationPlatforms) = preSolution
		Debug|Any CPU = Debug|Any CPU
		Release|Any CPU = Release|Any CPU
	EndGlobalSection
	GlobalSection(ProjectConfigurationPlatforms) = postSolution
		{A64EE80B-5903-4C75-B208-4833657D32C6}.Debug|Any CPU.ActiveCfg = Debug|Any CPU
		{A64EE80B-5903-4C75-B208-4833657D32C6}.Debug|Any CPU.Build.0 = Debug|Any CPU
		{A64EE80B-5903-4C75-B208-4833657D32C6}.Release|Any CPU.ActiveCfg = Release|Any CPU
		{A64EE80B-5903-4C75-B208-4833657D32C6}.Release|Any CPU.Build.0 = Release|Any CPU
	EndGlobalSection
	GlobalSection(SolutionProperties) = preSolution
		HideSolutionNode = FALSE
	EndGlobalSection
	GlobalSection(ExtensibilityGlobals) = postSolution
		SolutionGuid = {2E0E17F2-7033-4E28-87D9-E9661E2A62AF}
	EndGlobalSection
EndGlobal
